{
  "name": "@halospv3/hce.drp",
  "version": "1.0.0",
  "lockfileVersion": 2,
  "requires": true,
  "packages": {
    "": {
      "name": "@halospv3/hce.drp",
      "version": "1.0.0",
      "license": "GPL-3.0-or-later",
      "devDependencies": {
        "@halospv3/hce.shared": "github:HaloSPV3/HCE.Shared"
      }
    },
    "node_modules/@halospv3/hce.shared": {
      "version": "1.0.0",
      "resolved": "git+ssh://git@github.com/HaloSPV3/HCE.Shared.git#edac75064264e3322017a28c05866c447d8b6b3e",
      "dev": true,
      "license": "GPL-3.0-or-later"
    }
  },
  "dependencies": {
    "@halospv3/hce.shared": {
      "version": "git+ssh://git@github.com/HaloSPV3/HCE.Shared.git#edac75064264e3322017a28c05866c447d8b6b3e",
      "dev": true,
      "from": "@halospv3/hce.shared@github:HaloSPV3/HCE.Shared"
    }
  }
}
